
Microsoft Visual Studio Solution File, Format Version 12.00
# Visual Studio 15
VisualStudioVersion = 15.0.27703.2018
MinimumVisualStudioVersion = 10.0.40219.1
Project("{FAE04EC0-301F-11D3-BF4B-00C04F79EFBC}") = "Ascencion _Studios_Demo", "Ascencion _Studios_Demo\Ascencion _Studios_Demo.csproj", "{6ED4D297-C060-40EF-85E5-F5E290C7BFA3}"
EndProject
Global
	GlobalSection(SolutionConfigurationPlatforms) = preSolution
		Debug|Any CPU = Debug|Any CPU
		Release|Any CPU = Release|Any CPU
	EndGlobalSection
	GlobalSection(ProjectConfigurationPlatforms) = postSolution
		{6ED4D297-C060-40EF-85E5-F5E290C7BFA3}.Debug|Any CPU.ActiveCfg = Debug|Any CPU
		{6ED4D297-C060-40EF-85E5-F5E290C7BFA3}.Debug|Any CPU.Build.0 = Debug|Any CPU
		{6ED4D297-C060-40EF-85E5-F5E290C7BFA3}.Release|Any CPU.ActiveCfg = Release|Any CPU
		{6ED4D297-C060-40EF-85E5-F5E290C7BFA3}.Release|Any CPU.Build.0 = Release|Any CPU
	EndGlobalSection
	GlobalSection(SolutionProperties) = preSolution
		HideSolutionNode = FALSE
	EndGlobalSection
	GlobalSection(ExtensibilityGlobals) = postSolution
		SolutionGuid = {6358CBF5-F2D0-4FD5-86DA-090FD926D61F}
	EndGlobalSection
EndGlobal
