
Microsoft Visual Studio Solution File, Format Version 12.00
# Visual Studio 15
VisualStudioVersion = 15.0.27703.2018
MinimumVisualStudioVersion = 10.0.40219.1
Project("{FAE04EC0-301F-11D3-BF4B-00C04F79EFBC}") = "Ascencion_Demo", "Ascencion_Demo.csproj", "{C210D7D8-C85D-40D4-905E-DF43FE086AA7}"
EndProject
Global
	GlobalSection(SolutionConfigurationPlatforms) = preSolution
		Debug|x86 = Debug|x86
		Release|x86 = Release|x86
	EndGlobalSection
	GlobalSection(ProjectConfigurationPlatforms) = postSolution
		{C210D7D8-C85D-40D4-905E-DF43FE086AA7}.Debug|x86.ActiveCfg = Debug|x86
		{C210D7D8-C85D-40D4-905E-DF43FE086AA7}.Debug|x86.Build.0 = Debug|x86
		{C210D7D8-C85D-40D4-905E-DF43FE086AA7}.Release|x86.ActiveCfg = Release|x86
		{C210D7D8-C85D-40D4-905E-DF43FE086AA7}.Release|x86.Build.0 = Release|x86
	EndGlobalSection
	GlobalSection(SolutionProperties) = preSolution
		HideSolutionNode = FALSE
	EndGlobalSection
	GlobalSection(ExtensibilityGlobals) = postSolution
		SolutionGuid = {C7209C3D-5651-40CC-8A99-8BF51E3537E6}
	EndGlobalSection
EndGlobal
